
Microsoft Visual Studio Solution File, Format Version 12.00
# Visual Studio 15
VisualStudioVersion = 15.0.28307.136
MinimumVisualStudioVersion = 10.0.40219.1
Project("{9A19103F-16F7-4668-BE54-9A1E7A4F7556}") = "NorthwindWeb", "NorthwindWeb\NorthwindWeb.csproj", "{3D274976-B4FF-41D1-ACCF-E46BB73D4414}"
EndProject
Project("{9A19103F-16F7-4668-BE54-9A1E7A4F7556}") = "NorthwindEntitiesLib", "NorthwindEntitiesLib\NorthwindEntitiesLib.csproj", "{9946700A-CB73-460B-BBE4-4A9CFA060E76}"
EndProject
Project("{9A19103F-16F7-4668-BE54-9A1E7A4F7556}") = "NorthwindContextLib", "NorthwindContextLib\NorthwindContextLib.csproj", "{92E1BAA3-B0C1-4031-B135-DD83C490F08F}"
EndProject
Project("{FAE04EC0-301F-11D3-BF4B-00C04F79EFBC}") = "NorthwindMvc", "NorthwindMvc\NorthwindMvc.csproj", "{AAB5D310-7AD2-45C4-8034-37934452245B}"
EndProject
Global
	GlobalSection(SolutionConfigurationPlatforms) = preSolution
		Debug|Any CPU = Debug|Any CPU
		Release|Any CPU = Release|Any CPU
	EndGlobalSection
	GlobalSection(ProjectConfigurationPlatforms) = postSolution
		{3D274976-B4FF-41D1-ACCF-E46BB73D4414}.Debug|Any CPU.ActiveCfg = Debug|Any CPU
		{3D274976-B4FF-41D1-ACCF-E46BB73D4414}.Debug|Any CPU.Build.0 = Debug|Any CPU
		{3D274976-B4FF-41D1-ACCF-E46BB73D4414}.Release|Any CPU.ActiveCfg = Release|Any CPU
		{3D274976-B4FF-41D1-ACCF-E46BB73D4414}.Release|Any CPU.Build.0 = Release|Any CPU
		{9946700A-CB73-460B-BBE4-4A9CFA060E76}.Debug|Any CPU.ActiveCfg = Debug|Any CPU
		{9946700A-CB73-460B-BBE4-4A9CFA060E76}.Debug|Any CPU.Build.0 = Debug|Any CPU
		{9946700A-CB73-460B-BBE4-4A9CFA060E76}.Release|Any CPU.ActiveCfg = Release|Any CPU
		{9946700A-CB73-460B-BBE4-4A9CFA060E76}.Release|Any CPU.Build.0 = Release|Any CPU
		{92E1BAA3-B0C1-4031-B135-DD83C490F08F}.Debug|Any CPU.ActiveCfg = Debug|Any CPU
		{92E1BAA3-B0C1-4031-B135-DD83C490F08F}.Debug|Any CPU.Build.0 = Debug|Any CPU
		{92E1BAA3-B0C1-4031-B135-DD83C490F08F}.Release|Any CPU.ActiveCfg = Release|Any CPU
		{92E1BAA3-B0C1-4031-B135-DD83C490F08F}.Release|Any CPU.Build.0 = Release|Any CPU
		{AAB5D310-7AD2-45C4-8034-37934452245B}.Debug|Any CPU.ActiveCfg = Debug|Any CPU
		{AAB5D310-7AD2-45C4-8034-37934452245B}.Debug|Any CPU.Build.0 = Debug|Any CPU
		{AAB5D310-7AD2-45C4-8034-37934452245B}.Release|Any CPU.ActiveCfg = Release|Any CPU
		{AAB5D310-7AD2-45C4-8034-37934452245B}.Release|Any CPU.Build.0 = Release|Any CPU
	EndGlobalSection
	GlobalSection(SolutionProperties) = preSolution
		HideSolutionNode = FALSE
	EndGlobalSection
	GlobalSection(ExtensibilityGlobals) = postSolution
		SolutionGuid = {0414ACFF-4639-47FB-9B9A-E6A9E38BB98C}
	EndGlobalSection
EndGlobal
